
Microsoft Visual Studio Solution File, Format Version 12.00
# Visual Studio Version 17
VisualStudioVersion = 17.14.36310.24
MinimumVisualStudioVersion = 10.0.40219.1
Project("{FAE04EC0-301F-11D3-BF4B-00C04F79EFBC}") = "ProductionEquipmentLeasing.API", "API\ProductionEquipmentLeasing.API.csproj", "{EA3BAFE7-5CC8-4CF8-83C5-4B838E3D0477}"
EndProject
Project("{FAE04EC0-301F-11D3-BF4B-00C04F79EFBC}") = "ProductionEquipmentLeasing.Domain", "Domain\ProductionEquipmentLeasing.Domain.csproj", "{614B78FF-162C-48EC-8615-AFF428336865}"
EndProject
Project("{FAE04EC0-301F-11D3-BF4B-00C04F79EFBC}") = "ProductionEquipmentLeasing.Infrastructure", "ProductionEquipmentLeasing.Infrastructure\ProductionEquipmentLeasing.Infrastructure.csproj", "{3AC35D15-4283-4D7F-98E7-447BFE904741}"
EndProject
Project("{FAE04EC0-301F-11D3-BF4B-00C04F79EFBC}") = "ProductionEquipmentLeasing.Application", "ProductionEquipmentLeasing.Application\ProductionEquipmentLeasing.Application.csproj", "{833EB7AB-93E4-40F8-85D5-CD3EEE65CEA9}"
EndProject
Project("{FAE04EC0-301F-11D3-BF4B-00C04F79EFBC}") = "Tests", "Tests\Tests.csproj", "{8B2A4661-B0C0-4567-88F5-E805E08F6BED}"
EndProject
Global
	GlobalSection(SolutionConfigurationPlatforms) = preSolution
		Debug|Any CPU = Debug|Any CPU
		Release|Any CPU = Release|Any CPU
	EndGlobalSection
	GlobalSection(ProjectConfigurationPlatforms) = postSolution
		{EA3BAFE7-5CC8-4CF8-83C5-4B838E3D0477}.Debug|Any CPU.ActiveCfg = Debug|Any CPU
		{EA3BAFE7-5CC8-4CF8-83C5-4B838E3D0477}.Debug|Any CPU.Build.0 = Debug|Any CPU
		{EA3BAFE7-5CC8-4CF8-83C5-4B838E3D0477}.Release|Any CPU.ActiveCfg = Release|Any CPU
		{EA3BAFE7-5CC8-4CF8-83C5-4B838E3D0477}.Release|Any CPU.Build.0 = Release|Any CPU
		{614B78FF-162C-48EC-8615-AFF428336865}.Debug|Any CPU.ActiveCfg = Debug|Any CPU
		{614B78FF-162C-48EC-8615-AFF428336865}.Debug|Any CPU.Build.0 = Debug|Any CPU
		{614B78FF-162C-48EC-8615-AFF428336865}.Release|Any CPU.ActiveCfg = Release|Any CPU
		{614B78FF-162C-48EC-8615-AFF428336865}.Release|Any CPU.Build.0 = Release|Any CPU
		{3AC35D15-4283-4D7F-98E7-447BFE904741}.Debug|Any CPU.ActiveCfg = Debug|Any CPU
		{3AC35D15-4283-4D7F-98E7-447BFE904741}.Debug|Any CPU.Build.0 = Debug|Any CPU
		{3AC35D15-4283-4D7F-98E7-447BFE904741}.Release|Any CPU.ActiveCfg = Release|Any CPU
		{3AC35D15-4283-4D7F-98E7-447BFE904741}.Release|Any CPU.Build.0 = Release|Any CPU
		{833EB7AB-93E4-40F8-85D5-CD3EEE65CEA9}.Debug|Any CPU.ActiveCfg = Debug|Any CPU
		{833EB7AB-93E4-40F8-85D5-CD3EEE65CEA9}.Debug|Any CPU.Build.0 = Debug|Any CPU
		{833EB7AB-93E4-40F8-85D5-CD3EEE65CEA9}.Release|Any CPU.ActiveCfg = Release|Any CPU
		{833EB7AB-93E4-40F8-85D5-CD3EEE65CEA9}.Release|Any CPU.Build.0 = Release|Any CPU
		{8B2A4661-B0C0-4567-88F5-E805E08F6BED}.Debug|Any CPU.ActiveCfg = Debug|Any CPU
		{8B2A4661-B0C0-4567-88F5-E805E08F6BED}.Debug|Any CPU.Build.0 = Debug|Any CPU
		{8B2A4661-B0C0-4567-88F5-E805E08F6BED}.Release|Any CPU.ActiveCfg = Release|Any CPU
		{8B2A4661-B0C0-4567-88F5-E805E08F6BED}.Release|Any CPU.Build.0 = Release|Any CPU
	EndGlobalSection
	GlobalSection(SolutionProperties) = preSolution
		HideSolutionNode = FALSE
	EndGlobalSection
	GlobalSection(ExtensibilityGlobals) = postSolution
		SolutionGuid = {61621227-7437-4305-9A06-262948C665ED}
	EndGlobalSection
EndGlobal
